
Microsoft Visual Studio Solution File, Format Version 12.00
# Visual Studio Version 17
VisualStudioVersion = 17.5.002.0
MinimumVisualStudioVersion = 10.0.40219.1
Project("{9A19103F-16F7-4668-BE54-9A1E7A4F7556}") = "suud-site-cb", "back\suud-site-cb.csproj", "{3EEBC40E-07A6-41AF-9937-A03BE1B0D8B0}"
EndProject
Global
	GlobalSection(SolutionConfigurationPlatforms) = preSolution
		Debug|Any CPU = Debug|Any CPU
		Release|Any CPU = Release|Any CPU
	EndGlobalSection
	GlobalSection(ProjectConfigurationPlatforms) = postSolution
		{3EEBC40E-07A6-41AF-9937-A03BE1B0D8B0}.Debug|Any CPU.ActiveCfg = Debug|Any CPU
		{3EEBC40E-07A6-41AF-9937-A03BE1B0D8B0}.Debug|Any CPU.Build.0 = Debug|Any CPU
		{3EEBC40E-07A6-41AF-9937-A03BE1B0D8B0}.Release|Any CPU.ActiveCfg = Release|Any CPU
		{3EEBC40E-07A6-41AF-9937-A03BE1B0D8B0}.Release|Any CPU.Build.0 = Release|Any CPU
	EndGlobalSection
	GlobalSection(SolutionProperties) = preSolution
		HideSolutionNode = FALSE
	EndGlobalSection
	GlobalSection(ExtensibilityGlobals) = postSolution
		SolutionGuid = {1E11619D-F0B9-494A-AE54-10035564686E}
	EndGlobalSection
EndGlobal
